
Microsoft Visual Studio Solution File, Format Version 12.00
# Visual Studio Version 16
VisualStudioVersion = 25.0.1700.0
MinimumVisualStudioVersion = 10.0.40219.1
Project("{FAE04EC0-301F-11D3-BF4B-00C04F79EFBC}") = "Active_Directory_Utility", "Active_Directory_Utility\Active_Directory_Utility.csproj", "{EA446926-C82C-4D95-8E00-FC90D1EC3680}"
EndProject
Project("{FAE04EC0-301F-11D3-BF4B-00C04F79EFBC}") = "ActiveDirectoryUtilities", "ActiveDirectoryUtilities\ActiveDirectoryUtilities.csproj", "{B8E23805-88EF-4B42-A65B-51852E08C53B}"
EndProject
Global
	GlobalSection(SolutionConfigurationPlatforms) = preSolution
		Debug|Any CPU = Debug|Any CPU
		Release|Any CPU = Release|Any CPU
	EndGlobalSection
	GlobalSection(ProjectConfigurationPlatforms) = postSolution
		{EA446926-C82C-4D95-8E00-FC90D1EC3680}.Debug|Any CPU.ActiveCfg = Debug|Any CPU
		{EA446926-C82C-4D95-8E00-FC90D1EC3680}.Debug|Any CPU.Build.0 = Debug|Any CPU
		{EA446926-C82C-4D95-8E00-FC90D1EC3680}.Release|Any CPU.ActiveCfg = Release|Any CPU
		{EA446926-C82C-4D95-8E00-FC90D1EC3680}.Release|Any CPU.Build.0 = Release|Any CPU
		{B8E23805-88EF-4B42-A65B-51852E08C53B}.Debug|Any CPU.ActiveCfg = Debug|Any CPU
		{B8E23805-88EF-4B42-A65B-51852E08C53B}.Debug|Any CPU.Build.0 = Debug|Any CPU
		{B8E23805-88EF-4B42-A65B-51852E08C53B}.Release|Any CPU.ActiveCfg = Release|Any CPU
		{B8E23805-88EF-4B42-A65B-51852E08C53B}.Release|Any CPU.Build.0 = Release|Any CPU
	EndGlobalSection
	GlobalSection(SolutionProperties) = preSolution
		HideSolutionNode = FALSE
	EndGlobalSection
	GlobalSection(ExtensibilityGlobals) = postSolution
		SolutionGuid = {BF7CEC7A-398B-48D2-934C-986994BB35EC}
	EndGlobalSection
EndGlobal
